
Microsoft Visual Studio Solution File, Format Version 12.00
# Visual Studio Version 17
VisualStudioVersion = 17.12.35514.174
MinimumVisualStudioVersion = 10.0.40219.1
Project("{FAE04EC0-301F-11D3-BF4B-00C04F79EFBC}") = "TravelPlanner.Server", "TravelPlanner.Server\TravelPlanner.Server.csproj", "{6002417D-6B6E-4595-8F4A-315585E24F29}"
EndProject
Project("{54A90642-561A-4BB1-A94E-469ADEE60C69}") = "travelplanner.client", "travelplanner.client\travelplanner.client.esproj", "{75440FD4-CE50-4A5C-A509-916D5EA9E206}"
EndProject
Project("{FAE04EC0-301F-11D3-BF4B-00C04F79EFBC}") = "TravelPlanner.Tests", "TravelPlanner.Tests\TravelPlanner.Tests.csproj", "{B3B60965-5338-43A7-AF09-80C0103A515D}"
EndProject
Global
	GlobalSection(SolutionConfigurationPlatforms) = preSolution
		Debug|Any CPU = Debug|Any CPU
		Release|Any CPU = Release|Any CPU
	EndGlobalSection
	GlobalSection(ProjectConfigurationPlatforms) = postSolution
		{6002417D-6B6E-4595-8F4A-315585E24F29}.Debug|Any CPU.ActiveCfg = Debug|Any CPU
		{6002417D-6B6E-4595-8F4A-315585E24F29}.Debug|Any CPU.Build.0 = Debug|Any CPU
		{6002417D-6B6E-4595-8F4A-315585E24F29}.Release|Any CPU.ActiveCfg = Release|Any CPU
		{6002417D-6B6E-4595-8F4A-315585E24F29}.Release|Any CPU.Build.0 = Release|Any CPU
		{75440FD4-CE50-4A5C-A509-916D5EA9E206}.Debug|Any CPU.ActiveCfg = Debug|Any CPU
		{75440FD4-CE50-4A5C-A509-916D5EA9E206}.Debug|Any CPU.Build.0 = Debug|Any CPU
		{75440FD4-CE50-4A5C-A509-916D5EA9E206}.Debug|Any CPU.Deploy.0 = Debug|Any CPU
		{75440FD4-CE50-4A5C-A509-916D5EA9E206}.Release|Any CPU.ActiveCfg = Release|Any CPU
		{75440FD4-CE50-4A5C-A509-916D5EA9E206}.Release|Any CPU.Build.0 = Release|Any CPU
		{75440FD4-CE50-4A5C-A509-916D5EA9E206}.Release|Any CPU.Deploy.0 = Release|Any CPU
		{B3B60965-5338-43A7-AF09-80C0103A515D}.Debug|Any CPU.ActiveCfg = Debug|Any CPU
		{B3B60965-5338-43A7-AF09-80C0103A515D}.Debug|Any CPU.Build.0 = Debug|Any CPU
		{B3B60965-5338-43A7-AF09-80C0103A515D}.Release|Any CPU.ActiveCfg = Release|Any CPU
		{B3B60965-5338-43A7-AF09-80C0103A515D}.Release|Any CPU.Build.0 = Release|Any CPU
	EndGlobalSection
	GlobalSection(SolutionProperties) = preSolution
		HideSolutionNode = FALSE
	EndGlobalSection
EndGlobal
